
Microsoft Visual Studio Solution File, Format Version 9.00
# Visual Studio 2005
Project("{8BC9CEB8-8B4A-11D0-8D11-00A0C91BC942}") = "Client", "Client.vcproj", "{4D7E7DD6-4B75-4D3B-8575-8D3B1967C099}"
	ProjectSection(ProjectDependencies) = postProject
		{B3CB1323-2921-47CF-ABAF-BA0253C839B5} = {B3CB1323-2921-47CF-ABAF-BA0253C839B5}
		{9DDD08AA-08AC-4989-9A73-4309F332E75D} = {9DDD08AA-08AC-4989-9A73-4309F332E75D}
		{00C176DA-FE8F-442B-BBAC-084D8E69E439} = {00C176DA-FE8F-442B-BBAC-084D8E69E439}
		{354CC39D-7E52-4F76-8F48-F7C7B46B4BCB} = {354CC39D-7E52-4F76-8F48-F7C7B46B4BCB}
		{B976C603-FAD7-416E-9E47-B74FD5AA2EAA} = {B976C603-FAD7-416E-9E47-B74FD5AA2EAA}
	EndProjectSection
EndProject
Project("{8BC9CEB8-8B4A-11D0-8D11-00A0C91BC942}") = "vEngine", "..\vEngine\vEngine.vcproj", "{B976C603-FAD7-416E-9E47-B74FD5AA2EAA}"
	ProjectSection(ProjectDependencies) = postProject
		{354CC39D-7E52-4F76-8F48-F7C7B46B4BCB} = {354CC39D-7E52-4F76-8F48-F7C7B46B4BCB}
	EndProjectSection
EndProject
Project("{8BC9CEB8-8B4A-11D0-8D11-00A0C91BC942}") = "Cool3D", "..\Cool3D\Cool3D.vcproj", "{B3CB1323-2921-47CF-ABAF-BA0253C839B5}"
EndProject
Project("{8BC9CEB8-8B4A-11D0-8D11-00A0C91BC942}") = "Lua", "..\Lua\Lua.vcproj", "{354CC39D-7E52-4F76-8F48-F7C7B46B4BCB}"
EndProject
Project("{8BC9CEB8-8B4A-11D0-8D11-00A0C91BC942}") = "WorldBase", "..\WorldBase\WorldBase.vcproj", "{9DDD08AA-08AC-4989-9A73-4309F332E75D}"
	ProjectSection(ProjectDependencies) = postProject
		{B3CB1323-2921-47CF-ABAF-BA0253C839B5} = {B3CB1323-2921-47CF-ABAF-BA0253C839B5}
	EndProjectSection
EndProject
Project("{8BC9CEB8-8B4A-11D0-8D11-00A0C91BC942}") = "WorldDefine", "..\WorldDefine\WorldDefine.vcproj", "{00C176DA-FE8F-442B-BBAC-084D8E69E439}"
	ProjectSection(ProjectDependencies) = postProject
		{B976C603-FAD7-416E-9E47-B74FD5AA2EAA} = {B976C603-FAD7-416E-9E47-B74FD5AA2EAA}
	EndProjectSection
EndProject
Project("{8BC9CEB8-8B4A-11D0-8D11-00A0C91BC942}") = "XMLReader", "..\XMLReader\XMLReader.vcproj", "{E0974098-C94F-4F97-B141-A292E3671248}"
EndProject
Global
	GlobalSection(SubversionScc) = preSolution
		Svn-Managed = True
		Manager = AnkhSVN - Subversion Support for Visual Studio
	EndGlobalSection
	GlobalSection(SolutionConfigurationPlatforms) = preSolution
		Client_Debug|Win32 = Client_Debug|Win32
		Debug|Win32 = Debug|Win32
		Release|Win32 = Release|Win32
	EndGlobalSection
	GlobalSection(ProjectConfigurationPlatforms) = postSolution
		{4D7E7DD6-4B75-4D3B-8575-8D3B1967C099}.Client_Debug|Win32.ActiveCfg = Debug|Win32
		{4D7E7DD6-4B75-4D3B-8575-8D3B1967C099}.Client_Debug|Win32.Build.0 = Debug|Win32
		{4D7E7DD6-4B75-4D3B-8575-8D3B1967C099}.Debug|Win32.ActiveCfg = Debug|Win32
		{4D7E7DD6-4B75-4D3B-8575-8D3B1967C099}.Debug|Win32.Build.0 = Debug|Win32
		{4D7E7DD6-4B75-4D3B-8575-8D3B1967C099}.Release|Win32.ActiveCfg = Release|Win32
		{4D7E7DD6-4B75-4D3B-8575-8D3B1967C099}.Release|Win32.Build.0 = Release|Win32
		{B976C603-FAD7-416E-9E47-B74FD5AA2EAA}.Client_Debug|Win32.ActiveCfg = Debug|Win32
		{B976C603-FAD7-416E-9E47-B74FD5AA2EAA}.Client_Debug|Win32.Build.0 = Debug|Win32
		{B976C603-FAD7-416E-9E47-B74FD5AA2EAA}.Debug|Win32.ActiveCfg = Debug|Win32
		{B976C603-FAD7-416E-9E47-B74FD5AA2EAA}.Debug|Win32.Build.0 = Debug|Win32
		{B976C603-FAD7-416E-9E47-B74FD5AA2EAA}.Release|Win32.ActiveCfg = Release|Win32
		{B976C603-FAD7-416E-9E47-B74FD5AA2EAA}.Release|Win32.Build.0 = Release|Win32
		{B3CB1323-2921-47CF-ABAF-BA0253C839B5}.Client_Debug|Win32.ActiveCfg = Debug|Win32
		{B3CB1323-2921-47CF-ABAF-BA0253C839B5}.Client_Debug|Win32.Build.0 = Debug|Win32
		{B3CB1323-2921-47CF-ABAF-BA0253C839B5}.Debug|Win32.ActiveCfg = Debug|Win32
		{B3CB1323-2921-47CF-ABAF-BA0253C839B5}.Debug|Win32.Build.0 = Debug|Win32
		{B3CB1323-2921-47CF-ABAF-BA0253C839B5}.Release|Win32.ActiveCfg = Release|Win32
		{B3CB1323-2921-47CF-ABAF-BA0253C839B5}.Release|Win32.Build.0 = Release|Win32
		{354CC39D-7E52-4F76-8F48-F7C7B46B4BCB}.Client_Debug|Win32.ActiveCfg = Debug|Win32
		{354CC39D-7E52-4F76-8F48-F7C7B46B4BCB}.Client_Debug|Win32.Build.0 = Debug|Win32
		{354CC39D-7E52-4F76-8F48-F7C7B46B4BCB}.Debug|Win32.ActiveCfg = Debug|Win32
		{354CC39D-7E52-4F76-8F48-F7C7B46B4BCB}.Debug|Win32.Build.0 = Debug|Win32
		{354CC39D-7E52-4F76-8F48-F7C7B46B4BCB}.Release|Win32.ActiveCfg = Release|Win32
		{354CC39D-7E52-4F76-8F48-F7C7B46B4BCB}.Release|Win32.Build.0 = Release|Win32
		{9DDD08AA-08AC-4989-9A73-4309F332E75D}.Client_Debug|Win32.ActiveCfg = Client_Debug|Win32
		{9DDD08AA-08AC-4989-9A73-4309F332E75D}.Client_Debug|Win32.Build.0 = Client_Debug|Win32
		{9DDD08AA-08AC-4989-9A73-4309F332E75D}.Debug|Win32.ActiveCfg = Debug|Win32
		{9DDD08AA-08AC-4989-9A73-4309F332E75D}.Debug|Win32.Build.0 = Debug|Win32
		{9DDD08AA-08AC-4989-9A73-4309F332E75D}.Release|Win32.ActiveCfg = Release|Win32
		{9DDD08AA-08AC-4989-9A73-4309F332E75D}.Release|Win32.Build.0 = Release|Win32
		{00C176DA-FE8F-442B-BBAC-084D8E69E439}.Client_Debug|Win32.ActiveCfg = Debug|Win32
		{00C176DA-FE8F-442B-BBAC-084D8E69E439}.Client_Debug|Win32.Build.0 = Debug|Win32
		{00C176DA-FE8F-442B-BBAC-084D8E69E439}.Debug|Win32.ActiveCfg = Debug|Win32
		{00C176DA-FE8F-442B-BBAC-084D8E69E439}.Debug|Win32.Build.0 = Debug|Win32
		{00C176DA-FE8F-442B-BBAC-084D8E69E439}.Release|Win32.ActiveCfg = Release|Win32
		{00C176DA-FE8F-442B-BBAC-084D8E69E439}.Release|Win32.Build.0 = Release|Win32
		{E0974098-C94F-4F97-B141-A292E3671248}.Client_Debug|Win32.ActiveCfg = Debug|Win32
		{E0974098-C94F-4F97-B141-A292E3671248}.Client_Debug|Win32.Build.0 = Debug|Win32
		{E0974098-C94F-4F97-B141-A292E3671248}.Debug|Win32.ActiveCfg = Debug|Win32
		{E0974098-C94F-4F97-B141-A292E3671248}.Debug|Win32.Build.0 = Debug|Win32
		{E0974098-C94F-4F97-B141-A292E3671248}.Release|Win32.ActiveCfg = Release|Win32
		{E0974098-C94F-4F97-B141-A292E3671248}.Release|Win32.Build.0 = Release|Win32
	EndGlobalSection
	GlobalSection(SolutionProperties) = preSolution
		HideSolutionNode = FALSE
	EndGlobalSection
EndGlobal
