Microsoft Visual Studio Solution File, Format Version 9.00
# Visual Studio 2005
Project("{8BC9CEB8-8B4A-11D0-8D11-00A0C91BC942}") = "DummyClient2", "DummyClient2.vcproj", "{4050B002-ED6A-419C-9AD6-227D41B55F12}"
EndProject
Global
	GlobalSection(SolutionConfigurationPlatforms) = preSolution
		Client_Debug|Default = Client_Debug|Default
		Debug|Default = Debug|Default
		Release|Default = Release|Default
	EndGlobalSection
	GlobalSection(ProjectConfigurationPlatforms) = postSolution
		{4050B002-ED6A-419C-9AD6-227D41B55F12}.Client_Debug|Default.ActiveCfg = Client_Debug|Win32
		{4050B002-ED6A-419C-9AD6-227D41B55F12}.Client_Debug|Default.Build.0 = Client_Debug|Win32
		{4050B002-ED6A-419C-9AD6-227D41B55F12}.Debug|Default.ActiveCfg = Debug|Win32
		{4050B002-ED6A-419C-9AD6-227D41B55F12}.Debug|Default.Build.0 = Debug|Win32
		{4050B002-ED6A-419C-9AD6-227D41B55F12}.Release|Default.ActiveCfg = Release|Win32
		{4050B002-ED6A-419C-9AD6-227D41B55F12}.Release|Default.Build.0 = Release|Win32
	EndGlobalSection
	GlobalSection(SolutionProperties) = preSolution
		HideSolutionNode = FALSE
	EndGlobalSection
EndGlobal
