
Microsoft Visual Studio Solution File, Format Version 9.00
# Visual Studio 2005
Project("{8BC9CEB8-8B4A-11D0-8D11-00A0C91BC942}") = "vEngine", "vEngine\vEngine.vcproj", "{B976C603-FAD7-416E-9E47-B74FD5AA2EAA}"
	ProjectSection(ProjectDependencies) = postProject
		{354CC39D-7E52-4F76-8F48-F7C7B46B4BCB} = {354CC39D-7E52-4F76-8F48-F7C7B46B4BCB}
	EndProjectSection
EndProject
Project("{8BC9CEB8-8B4A-11D0-8D11-00A0C91BC942}") = "Cool3D", "Cool3D\Cool3D.vcproj", "{B3CB1323-2921-47CF-ABAF-BA0253C839B5}"
EndProject
Project("{8BC9CEB8-8B4A-11D0-8D11-00A0C91BC942}") = "XMLReader", "XMLReader\XMLReader.vcproj", "{E0974098-C94F-4F97-B141-A292E3671248}"
EndProject
Project("{8BC9CEB8-8B4A-11D0-8D11-00A0C91BC942}") = "WorldDefine", "WorldDefine\WorldDefine.vcproj", "{00C176DA-FE8F-442B-BBAC-084D8E69E439}"
EndProject
Project("{8BC9CEB8-8B4A-11D0-8D11-00A0C91BC942}") = "WorldBase", "WorldBase\WorldBase.vcproj", "{9DDD08AA-08AC-4989-9A73-4309F332E75D}"
	ProjectSection(ProjectDependencies) = postProject
		{B3CB1323-2921-47CF-ABAF-BA0253C839B5} = {B3CB1323-2921-47CF-ABAF-BA0253C839B5}
		{E0974098-C94F-4F97-B141-A292E3671248} = {E0974098-C94F-4F97-B141-A292E3671248}
	EndProjectSection
EndProject
Project("{8BC9CEB8-8B4A-11D0-8D11-00A0C91BC942}") = "ServerMergeTool", "ServerMergeTool\ServerMergeTool.vcproj", "{B1C9077C-7B6F-4071-A7FB-DF68E2333159}"
	ProjectSection(ProjectDependencies) = postProject
		{B976C603-FAD7-416E-9E47-B74FD5AA2EAA} = {B976C603-FAD7-416E-9E47-B74FD5AA2EAA}
		{6C6BDA44-0D75-4D12-B05E-74E387188B84} = {6C6BDA44-0D75-4D12-B05E-74E387188B84}
		{B976C603-FAD7-416E-9E47-B74FD5AA2EAA} = {B976C603-FAD7-416E-9E47-B74FD5AA2EAA}
	EndProjectSection
EndProject
Project("{8BC9CEB8-8B4A-11D0-8D11-00A0C91BC942}") = "Beton", "Beton\Beton.vcproj", "{6C6BDA44-0D75-4D12-B05E-74E387188B84}"
	ProjectSection(ProjectDependencies) = postProject
		{B976C603-FAD7-416E-9E47-B74FD5AA2EAA} = {B976C603-FAD7-416E-9E47-B74FD5AA2EAA}
	EndProjectSection
EndProject
Project("{8BC9CEB8-8B4A-11D0-8D11-00A0C91BC942}") = "RTService", "LocalRtService\RTService.vcproj", "{8C099B14-BA7E-4274-A499-96C13B86F5DD}"
	ProjectSection(ProjectDependencies) = postProject
		{B976C603-FAD7-416E-9E47-B74FD5AA2EAA} = {B976C603-FAD7-416E-9E47-B74FD5AA2EAA}
		{00C176DA-FE8F-442B-BBAC-084D8E69E439} = {00C176DA-FE8F-442B-BBAC-084D8E69E439}
		{B976C603-FAD7-416E-9E47-B74FD5AA2EAA} = {B976C603-FAD7-416E-9E47-B74FD5AA2EAA}
	EndProjectSection
EndProject
Project("{8BC9CEB8-8B4A-11D0-8D11-00A0C91BC942}") = "Lua", "Lua\Lua.vcproj", "{354CC39D-7E52-4F76-8F48-F7C7B46B4BCB}"
EndProject
Project("{8BC9CEB8-8B4A-11D0-8D11-00A0C91BC942}") = "RTClient", "RTClient\RTClient.vcproj", "{7AFE0F67-1DD0-4C88-BEEB-164D61BB2575}"
	ProjectSection(ProjectDependencies) = postProject
		{BD9531B8-6CAB-45EE-B087-CE3EDCD39A36} = {BD9531B8-6CAB-45EE-B087-CE3EDCD39A36}
		{00C176DA-FE8F-442B-BBAC-084D8E69E439} = {00C176DA-FE8F-442B-BBAC-084D8E69E439}
		{B976C603-FAD7-416E-9E47-B74FD5AA2EAA} = {B976C603-FAD7-416E-9E47-B74FD5AA2EAA}
		{00C176DA-FE8F-442B-BBAC-084D8E69E439} = {00C176DA-FE8F-442B-BBAC-084D8E69E439}
		{BD9531B8-6CAB-45EE-B087-CE3EDCD39A36} = {BD9531B8-6CAB-45EE-B087-CE3EDCD39A36}
	EndProjectSection
EndProject
Project("{8BC9CEB8-8B4A-11D0-8D11-00A0C91BC942}") = "ServerDefine", "ServerDefine\ServerDefine.vcproj", "{BD9531B8-6CAB-45EE-B087-CE3EDCD39A36}"
EndProject
Project("{8BC9CEB8-8B4A-11D0-8D11-00A0C91BC942}") = "ServerCfgDES", "ServerCfgDesTool\ServerCfgDES.vcproj", "{EC388A46-2DE0-4A20-B6B1-F14DE648FDE4}"
EndProject
Project("{8BC9CEB8-8B4A-11D0-8D11-00A0C91BC942}") = "ServerIpDES", "ServerIpDesTool\ServerIpDES.vcproj", "{8FF13B22-C5EB-4D44-B1C9-DBC4E9C37D4E}"
EndProject
Project("{8BC9CEB8-8B4A-11D0-8D11-00A0C91BC942}") = "Virtual_Client", "Virtual_Client\Virtual_Client.vcproj", "{503B713C-8E2E-4320-9BDE-ED9362325C49}"
	ProjectSection(ProjectDependencies) = postProject
		{00C176DA-FE8F-442B-BBAC-084D8E69E439} = {00C176DA-FE8F-442B-BBAC-084D8E69E439}
		{B976C603-FAD7-416E-9E47-B74FD5AA2EAA} = {B976C603-FAD7-416E-9E47-B74FD5AA2EAA}
		{00C176DA-FE8F-442B-BBAC-084D8E69E439} = {00C176DA-FE8F-442B-BBAC-084D8E69E439}
	EndProjectSection
EndProject
Project("{8BC9CEB8-8B4A-11D0-8D11-00A0C91BC942}") = "Client", "Client\Client.vcproj", "{4D7E7DD6-4B75-4D3B-8575-8D3B1967C099}"
	ProjectSection(ProjectDependencies) = postProject
		{00C176DA-FE8F-442B-BBAC-084D8E69E439} = {00C176DA-FE8F-442B-BBAC-084D8E69E439}
		{9DDD08AA-08AC-4989-9A73-4309F332E75D} = {9DDD08AA-08AC-4989-9A73-4309F332E75D}
		{354CC39D-7E52-4F76-8F48-F7C7B46B4BCB} = {354CC39D-7E52-4F76-8F48-F7C7B46B4BCB}
		{E0974098-C94F-4F97-B141-A292E3671248} = {E0974098-C94F-4F97-B141-A292E3671248}
		{B3CB1323-2921-47CF-ABAF-BA0253C839B5} = {B3CB1323-2921-47CF-ABAF-BA0253C839B5}
		{B976C603-FAD7-416E-9E47-B74FD5AA2EAA} = {B976C603-FAD7-416E-9E47-B74FD5AA2EAA}
	EndProjectSection
EndProject
Project("{8BC9CEB8-8B4A-11D0-8D11-00A0C91BC942}") = "antiserv", "antiserv\antiserv.vcproj", "{9374114B-8EFA-4E5D-8DE9-CB1ECFF5A7CD}"
EndProject
Project("{8BC9CEB8-8B4A-11D0-8D11-00A0C91BC942}") = "LoginServer", "LoginServer\LoginServer.vcproj", "{D32AFDD2-C69D-4AD2-8C67-EA97DB6CB26F}"
	ProjectSection(ProjectDependencies) = postProject
		{00C176DA-FE8F-442B-BBAC-084D8E69E439} = {00C176DA-FE8F-442B-BBAC-084D8E69E439}
		{BD9531B8-6CAB-45EE-B087-CE3EDCD39A36} = {BD9531B8-6CAB-45EE-B087-CE3EDCD39A36}
		{6C6BDA44-0D75-4D12-B05E-74E387188B84} = {6C6BDA44-0D75-4D12-B05E-74E387188B84}
		{B976C603-FAD7-416E-9E47-B74FD5AA2EAA} = {B976C603-FAD7-416E-9E47-B74FD5AA2EAA}
	EndProjectSection
EndProject
Project("{8BC9CEB8-8B4A-11D0-8D11-00A0C91BC942}") = "BillServer", "BillServer\BillServer.vcproj", "{C717F4F7-F9B2-4410-80B1-17BDF9E2F95B}"
	ProjectSection(ProjectDependencies) = postProject
		{00C176DA-FE8F-442B-BBAC-084D8E69E439} = {00C176DA-FE8F-442B-BBAC-084D8E69E439}
		{B976C603-FAD7-416E-9E47-B74FD5AA2EAA} = {B976C603-FAD7-416E-9E47-B74FD5AA2EAA}
		{BD9531B8-6CAB-45EE-B087-CE3EDCD39A36} = {BD9531B8-6CAB-45EE-B087-CE3EDCD39A36}
		{6C6BDA44-0D75-4D12-B05E-74E387188B84} = {6C6BDA44-0D75-4D12-B05E-74E387188B84}
	EndProjectSection
EndProject
Project("{8BC9CEB8-8B4A-11D0-8D11-00A0C91BC942}") = "DBServer", "DBServer\DBServer.vcproj", "{C40C39F4-5CC2-489F-A392-73CBBBD82254}"
	ProjectSection(ProjectDependencies) = postProject
		{00C176DA-FE8F-442B-BBAC-084D8E69E439} = {00C176DA-FE8F-442B-BBAC-084D8E69E439}
		{B976C603-FAD7-416E-9E47-B74FD5AA2EAA} = {B976C603-FAD7-416E-9E47-B74FD5AA2EAA}
		{BD9531B8-6CAB-45EE-B087-CE3EDCD39A36} = {BD9531B8-6CAB-45EE-B087-CE3EDCD39A36}
		{6C6BDA44-0D75-4D12-B05E-74E387188B84} = {6C6BDA44-0D75-4D12-B05E-74E387188B84}
	EndProjectSection
EndProject
Project("{8BC9CEB8-8B4A-11D0-8D11-00A0C91BC942}") = "GMServer", "GMServer\GMServer.vcproj", "{7F602208-FC2E-4468-94CC-EBAFC8B8E736}"
	ProjectSection(ProjectDependencies) = postProject
		{00C176DA-FE8F-442B-BBAC-084D8E69E439} = {00C176DA-FE8F-442B-BBAC-084D8E69E439}
		{B976C603-FAD7-416E-9E47-B74FD5AA2EAA} = {B976C603-FAD7-416E-9E47-B74FD5AA2EAA}
		{BD9531B8-6CAB-45EE-B087-CE3EDCD39A36} = {BD9531B8-6CAB-45EE-B087-CE3EDCD39A36}
		{6C6BDA44-0D75-4D12-B05E-74E387188B84} = {6C6BDA44-0D75-4D12-B05E-74E387188B84}
	EndProjectSection
EndProject
Project("{8BC9CEB8-8B4A-11D0-8D11-00A0C91BC942}") = "GMTool", "GMTool\GMTool.vcproj", "{BDD91196-C538-4DC7-A9FE-B3230F3BA53B}"
	ProjectSection(ProjectDependencies) = postProject
		{00C176DA-FE8F-442B-BBAC-084D8E69E439} = {00C176DA-FE8F-442B-BBAC-084D8E69E439}
		{BD9531B8-6CAB-45EE-B087-CE3EDCD39A36} = {BD9531B8-6CAB-45EE-B087-CE3EDCD39A36}
	EndProjectSection
EndProject
Project("{8BC9CEB8-8B4A-11D0-8D11-00A0C91BC942}") = "World", "World\World.vcproj", "{950A5882-B9EE-4B12-A4A8-F59BE569DC13}"
	ProjectSection(ProjectDependencies) = postProject
		{E0974098-C94F-4F97-B141-A292E3671248} = {E0974098-C94F-4F97-B141-A292E3671248}
		{00C176DA-FE8F-442B-BBAC-084D8E69E439} = {00C176DA-FE8F-442B-BBAC-084D8E69E439}
		{9DDD08AA-08AC-4989-9A73-4309F332E75D} = {9DDD08AA-08AC-4989-9A73-4309F332E75D}
		{B976C603-FAD7-416E-9E47-B74FD5AA2EAA} = {B976C603-FAD7-416E-9E47-B74FD5AA2EAA}
		{BD9531B8-6CAB-45EE-B087-CE3EDCD39A36} = {BD9531B8-6CAB-45EE-B087-CE3EDCD39A36}
		{354CC39D-7E52-4F76-8F48-F7C7B46B4BCB} = {354CC39D-7E52-4F76-8F48-F7C7B46B4BCB}
		{B3CB1323-2921-47CF-ABAF-BA0253C839B5} = {B3CB1323-2921-47CF-ABAF-BA0253C839B5}
	EndProjectSection
EndProject
Project("{8BC9CEB8-8B4A-11D0-8D11-00A0C91BC942}") = "AutoLogin", "AutoLogin\AutoLogin.vcproj", "{6E6B713D-1F44-4175-B2EA-F50B82680702}"
EndProject
Project("{8BC9CEB8-8B4A-11D0-8D11-00A0C91BC942}") = "launcher", "Launcher_NoPng\launcher.vcproj", "{94A33575-B6F2-4CA8-8A2B-C7D6A385734D}"
EndProject
Global
	GlobalSection(SolutionConfigurationPlatforms) = preSolution
		Client_Debug|Win32 = Client_Debug|Win32
		Debug|Win32 = Debug|Win32
		Lib_debug|Win32 = Lib_debug|Win32
		Release|Win32 = Release|Win32
		StaticDebug|Win32 = StaticDebug|Win32
	EndGlobalSection
	GlobalSection(ProjectConfigurationPlatforms) = postSolution
		{B976C603-FAD7-416E-9E47-B74FD5AA2EAA}.Client_Debug|Win32.ActiveCfg = Debug|Win32
		{B976C603-FAD7-416E-9E47-B74FD5AA2EAA}.Client_Debug|Win32.Build.0 = Debug|Win32
		{B976C603-FAD7-416E-9E47-B74FD5AA2EAA}.Debug|Win32.ActiveCfg = Debug|Win32
		{B976C603-FAD7-416E-9E47-B74FD5AA2EAA}.Debug|Win32.Build.0 = Debug|Win32
		{B976C603-FAD7-416E-9E47-B74FD5AA2EAA}.Lib_debug|Win32.ActiveCfg = Lib_debug|Win32
		{B976C603-FAD7-416E-9E47-B74FD5AA2EAA}.Lib_debug|Win32.Build.0 = Lib_debug|Win32
		{B976C603-FAD7-416E-9E47-B74FD5AA2EAA}.Release|Win32.ActiveCfg = Release|Win32
		{B976C603-FAD7-416E-9E47-B74FD5AA2EAA}.Release|Win32.Build.0 = Release|Win32
		{B976C603-FAD7-416E-9E47-B74FD5AA2EAA}.StaticDebug|Win32.ActiveCfg = StaticDebug|Win32
		{B976C603-FAD7-416E-9E47-B74FD5AA2EAA}.StaticDebug|Win32.Build.0 = StaticDebug|Win32
		{B3CB1323-2921-47CF-ABAF-BA0253C839B5}.Client_Debug|Win32.ActiveCfg = Debug|Win32
		{B3CB1323-2921-47CF-ABAF-BA0253C839B5}.Client_Debug|Win32.Build.0 = Debug|Win32
		{B3CB1323-2921-47CF-ABAF-BA0253C839B5}.Debug|Win32.ActiveCfg = Debug|Win32
		{B3CB1323-2921-47CF-ABAF-BA0253C839B5}.Debug|Win32.Build.0 = Debug|Win32
		{B3CB1323-2921-47CF-ABAF-BA0253C839B5}.Lib_debug|Win32.ActiveCfg = Release|Win32
		{B3CB1323-2921-47CF-ABAF-BA0253C839B5}.Lib_debug|Win32.Build.0 = Release|Win32
		{B3CB1323-2921-47CF-ABAF-BA0253C839B5}.Release|Win32.ActiveCfg = Release|Win32
		{B3CB1323-2921-47CF-ABAF-BA0253C839B5}.Release|Win32.Build.0 = Release|Win32
		{B3CB1323-2921-47CF-ABAF-BA0253C839B5}.StaticDebug|Win32.ActiveCfg = Debug|Win32
		{B3CB1323-2921-47CF-ABAF-BA0253C839B5}.StaticDebug|Win32.Build.0 = Debug|Win32
		{E0974098-C94F-4F97-B141-A292E3671248}.Client_Debug|Win32.ActiveCfg = Debug|Win32
		{E0974098-C94F-4F97-B141-A292E3671248}.Client_Debug|Win32.Build.0 = Debug|Win32
		{E0974098-C94F-4F97-B141-A292E3671248}.Debug|Win32.ActiveCfg = Debug|Win32
		{E0974098-C94F-4F97-B141-A292E3671248}.Debug|Win32.Build.0 = Debug|Win32
		{E0974098-C94F-4F97-B141-A292E3671248}.Lib_debug|Win32.ActiveCfg = Release|Win32
		{E0974098-C94F-4F97-B141-A292E3671248}.Lib_debug|Win32.Build.0 = Release|Win32
		{E0974098-C94F-4F97-B141-A292E3671248}.Release|Win32.ActiveCfg = Release|Win32
		{E0974098-C94F-4F97-B141-A292E3671248}.Release|Win32.Build.0 = Release|Win32
		{E0974098-C94F-4F97-B141-A292E3671248}.StaticDebug|Win32.ActiveCfg = Debug|Win32
		{E0974098-C94F-4F97-B141-A292E3671248}.StaticDebug|Win32.Build.0 = Debug|Win32
		{00C176DA-FE8F-442B-BBAC-084D8E69E439}.Client_Debug|Win32.ActiveCfg = Debug|Win32
		{00C176DA-FE8F-442B-BBAC-084D8E69E439}.Client_Debug|Win32.Build.0 = Debug|Win32
		{00C176DA-FE8F-442B-BBAC-084D8E69E439}.Debug|Win32.ActiveCfg = Debug|Win32
		{00C176DA-FE8F-442B-BBAC-084D8E69E439}.Debug|Win32.Build.0 = Debug|Win32
		{00C176DA-FE8F-442B-BBAC-084D8E69E439}.Lib_debug|Win32.ActiveCfg = Release|Win32
		{00C176DA-FE8F-442B-BBAC-084D8E69E439}.Lib_debug|Win32.Build.0 = Release|Win32
		{00C176DA-FE8F-442B-BBAC-084D8E69E439}.Release|Win32.ActiveCfg = Release|Win32
		{00C176DA-FE8F-442B-BBAC-084D8E69E439}.Release|Win32.Build.0 = Release|Win32
		{00C176DA-FE8F-442B-BBAC-084D8E69E439}.StaticDebug|Win32.ActiveCfg = Debug|Win32
		{00C176DA-FE8F-442B-BBAC-084D8E69E439}.StaticDebug|Win32.Build.0 = Debug|Win32
		{9DDD08AA-08AC-4989-9A73-4309F332E75D}.Client_Debug|Win32.ActiveCfg = Client_Debug|Win32
		{9DDD08AA-08AC-4989-9A73-4309F332E75D}.Client_Debug|Win32.Build.0 = Client_Debug|Win32
		{9DDD08AA-08AC-4989-9A73-4309F332E75D}.Debug|Win32.ActiveCfg = Debug|Win32
		{9DDD08AA-08AC-4989-9A73-4309F332E75D}.Debug|Win32.Build.0 = Debug|Win32
		{9DDD08AA-08AC-4989-9A73-4309F332E75D}.Lib_debug|Win32.ActiveCfg = Client_Debug|Win32
		{9DDD08AA-08AC-4989-9A73-4309F332E75D}.Lib_debug|Win32.Build.0 = Client_Debug|Win32
		{9DDD08AA-08AC-4989-9A73-4309F332E75D}.Release|Win32.ActiveCfg = Release|Win32
		{9DDD08AA-08AC-4989-9A73-4309F332E75D}.Release|Win32.Build.0 = Release|Win32
		{9DDD08AA-08AC-4989-9A73-4309F332E75D}.StaticDebug|Win32.ActiveCfg = Debug|Win32
		{9DDD08AA-08AC-4989-9A73-4309F332E75D}.StaticDebug|Win32.Build.0 = Debug|Win32
		{B1C9077C-7B6F-4071-A7FB-DF68E2333159}.Client_Debug|Win32.ActiveCfg = Debug|Win32
		{B1C9077C-7B6F-4071-A7FB-DF68E2333159}.Client_Debug|Win32.Build.0 = Debug|Win32
		{B1C9077C-7B6F-4071-A7FB-DF68E2333159}.Debug|Win32.ActiveCfg = Debug|Win32
		{B1C9077C-7B6F-4071-A7FB-DF68E2333159}.Debug|Win32.Build.0 = Debug|Win32
		{B1C9077C-7B6F-4071-A7FB-DF68E2333159}.Lib_debug|Win32.ActiveCfg = Release|Win32
		{B1C9077C-7B6F-4071-A7FB-DF68E2333159}.Lib_debug|Win32.Build.0 = Release|Win32
		{B1C9077C-7B6F-4071-A7FB-DF68E2333159}.Release|Win32.ActiveCfg = Release|Win32
		{B1C9077C-7B6F-4071-A7FB-DF68E2333159}.StaticDebug|Win32.ActiveCfg = Debug|Win32
		{B1C9077C-7B6F-4071-A7FB-DF68E2333159}.StaticDebug|Win32.Build.0 = Debug|Win32
		{6C6BDA44-0D75-4D12-B05E-74E387188B84}.Client_Debug|Win32.ActiveCfg = Debug|Win32
		{6C6BDA44-0D75-4D12-B05E-74E387188B84}.Client_Debug|Win32.Build.0 = Debug|Win32
		{6C6BDA44-0D75-4D12-B05E-74E387188B84}.Debug|Win32.ActiveCfg = Debug|Win32
		{6C6BDA44-0D75-4D12-B05E-74E387188B84}.Debug|Win32.Build.0 = Debug|Win32
		{6C6BDA44-0D75-4D12-B05E-74E387188B84}.Lib_debug|Win32.ActiveCfg = Release|Win32
		{6C6BDA44-0D75-4D12-B05E-74E387188B84}.Lib_debug|Win32.Build.0 = Release|Win32
		{6C6BDA44-0D75-4D12-B05E-74E387188B84}.Release|Win32.ActiveCfg = Release|Win32
		{6C6BDA44-0D75-4D12-B05E-74E387188B84}.Release|Win32.Build.0 = Release|Win32
		{6C6BDA44-0D75-4D12-B05E-74E387188B84}.StaticDebug|Win32.ActiveCfg = Debug|Win32
		{6C6BDA44-0D75-4D12-B05E-74E387188B84}.StaticDebug|Win32.Build.0 = Debug|Win32
		{8C099B14-BA7E-4274-A499-96C13B86F5DD}.Client_Debug|Win32.ActiveCfg = Debug|Win32
		{8C099B14-BA7E-4274-A499-96C13B86F5DD}.Client_Debug|Win32.Build.0 = Debug|Win32
		{8C099B14-BA7E-4274-A499-96C13B86F5DD}.Debug|Win32.ActiveCfg = Debug|Win32
		{8C099B14-BA7E-4274-A499-96C13B86F5DD}.Debug|Win32.Build.0 = Debug|Win32
		{8C099B14-BA7E-4274-A499-96C13B86F5DD}.Lib_debug|Win32.ActiveCfg = Release|Win32
		{8C099B14-BA7E-4274-A499-96C13B86F5DD}.Lib_debug|Win32.Build.0 = Release|Win32
		{8C099B14-BA7E-4274-A499-96C13B86F5DD}.Release|Win32.ActiveCfg = Release|Win32
		{8C099B14-BA7E-4274-A499-96C13B86F5DD}.StaticDebug|Win32.ActiveCfg = Debug|Win32
		{8C099B14-BA7E-4274-A499-96C13B86F5DD}.StaticDebug|Win32.Build.0 = Debug|Win32
		{354CC39D-7E52-4F76-8F48-F7C7B46B4BCB}.Client_Debug|Win32.ActiveCfg = Debug|Win32
		{354CC39D-7E52-4F76-8F48-F7C7B46B4BCB}.Client_Debug|Win32.Build.0 = Debug|Win32
		{354CC39D-7E52-4F76-8F48-F7C7B46B4BCB}.Debug|Win32.ActiveCfg = Debug|Win32
		{354CC39D-7E52-4F76-8F48-F7C7B46B4BCB}.Debug|Win32.Build.0 = Debug|Win32
		{354CC39D-7E52-4F76-8F48-F7C7B46B4BCB}.Lib_debug|Win32.ActiveCfg = Lib_debug|Win32
		{354CC39D-7E52-4F76-8F48-F7C7B46B4BCB}.Lib_debug|Win32.Build.0 = Lib_debug|Win32
		{354CC39D-7E52-4F76-8F48-F7C7B46B4BCB}.Release|Win32.ActiveCfg = Release|Win32
		{354CC39D-7E52-4F76-8F48-F7C7B46B4BCB}.Release|Win32.Build.0 = Release|Win32
		{354CC39D-7E52-4F76-8F48-F7C7B46B4BCB}.StaticDebug|Win32.ActiveCfg = StaticDebug|Win32
		{354CC39D-7E52-4F76-8F48-F7C7B46B4BCB}.StaticDebug|Win32.Build.0 = StaticDebug|Win32
		{7AFE0F67-1DD0-4C88-BEEB-164D61BB2575}.Client_Debug|Win32.ActiveCfg = Debug|Win32
		{7AFE0F67-1DD0-4C88-BEEB-164D61BB2575}.Client_Debug|Win32.Build.0 = Debug|Win32
		{7AFE0F67-1DD0-4C88-BEEB-164D61BB2575}.Debug|Win32.ActiveCfg = Debug|Win32
		{7AFE0F67-1DD0-4C88-BEEB-164D61BB2575}.Debug|Win32.Build.0 = Debug|Win32
		{7AFE0F67-1DD0-4C88-BEEB-164D61BB2575}.Lib_debug|Win32.ActiveCfg = Release|Win32
		{7AFE0F67-1DD0-4C88-BEEB-164D61BB2575}.Lib_debug|Win32.Build.0 = Release|Win32
		{7AFE0F67-1DD0-4C88-BEEB-164D61BB2575}.Release|Win32.ActiveCfg = Release|Win32
		{7AFE0F67-1DD0-4C88-BEEB-164D61BB2575}.StaticDebug|Win32.ActiveCfg = Debug|Win32
		{7AFE0F67-1DD0-4C88-BEEB-164D61BB2575}.StaticDebug|Win32.Build.0 = Debug|Win32
		{BD9531B8-6CAB-45EE-B087-CE3EDCD39A36}.Client_Debug|Win32.ActiveCfg = Debug|Win32
		{BD9531B8-6CAB-45EE-B087-CE3EDCD39A36}.Client_Debug|Win32.Build.0 = Debug|Win32
		{BD9531B8-6CAB-45EE-B087-CE3EDCD39A36}.Debug|Win32.ActiveCfg = Debug|Win32
		{BD9531B8-6CAB-45EE-B087-CE3EDCD39A36}.Debug|Win32.Build.0 = Debug|Win32
		{BD9531B8-6CAB-45EE-B087-CE3EDCD39A36}.Lib_debug|Win32.ActiveCfg = Release|Win32
		{BD9531B8-6CAB-45EE-B087-CE3EDCD39A36}.Lib_debug|Win32.Build.0 = Release|Win32
		{BD9531B8-6CAB-45EE-B087-CE3EDCD39A36}.Release|Win32.ActiveCfg = Release|Win32
		{BD9531B8-6CAB-45EE-B087-CE3EDCD39A36}.Release|Win32.Build.0 = Release|Win32
		{BD9531B8-6CAB-45EE-B087-CE3EDCD39A36}.StaticDebug|Win32.ActiveCfg = Debug|Win32
		{BD9531B8-6CAB-45EE-B087-CE3EDCD39A36}.StaticDebug|Win32.Build.0 = Debug|Win32
		{EC388A46-2DE0-4A20-B6B1-F14DE648FDE4}.Client_Debug|Win32.ActiveCfg = Debug|Win32
		{EC388A46-2DE0-4A20-B6B1-F14DE648FDE4}.Client_Debug|Win32.Build.0 = Debug|Win32
		{EC388A46-2DE0-4A20-B6B1-F14DE648FDE4}.Debug|Win32.ActiveCfg = Debug|Win32
		{EC388A46-2DE0-4A20-B6B1-F14DE648FDE4}.Debug|Win32.Build.0 = Debug|Win32
		{EC388A46-2DE0-4A20-B6B1-F14DE648FDE4}.Lib_debug|Win32.ActiveCfg = Release|Win32
		{EC388A46-2DE0-4A20-B6B1-F14DE648FDE4}.Lib_debug|Win32.Build.0 = Release|Win32
		{EC388A46-2DE0-4A20-B6B1-F14DE648FDE4}.Release|Win32.ActiveCfg = Release|Win32
		{EC388A46-2DE0-4A20-B6B1-F14DE648FDE4}.StaticDebug|Win32.ActiveCfg = Debug|Win32
		{EC388A46-2DE0-4A20-B6B1-F14DE648FDE4}.StaticDebug|Win32.Build.0 = Debug|Win32
		{8FF13B22-C5EB-4D44-B1C9-DBC4E9C37D4E}.Client_Debug|Win32.ActiveCfg = Debug|Win32
		{8FF13B22-C5EB-4D44-B1C9-DBC4E9C37D4E}.Client_Debug|Win32.Build.0 = Debug|Win32
		{8FF13B22-C5EB-4D44-B1C9-DBC4E9C37D4E}.Debug|Win32.ActiveCfg = Debug|Win32
		{8FF13B22-C5EB-4D44-B1C9-DBC4E9C37D4E}.Debug|Win32.Build.0 = Debug|Win32
		{8FF13B22-C5EB-4D44-B1C9-DBC4E9C37D4E}.Lib_debug|Win32.ActiveCfg = Release|Win32
		{8FF13B22-C5EB-4D44-B1C9-DBC4E9C37D4E}.Lib_debug|Win32.Build.0 = Release|Win32
		{8FF13B22-C5EB-4D44-B1C9-DBC4E9C37D4E}.Release|Win32.ActiveCfg = Release|Win32
		{8FF13B22-C5EB-4D44-B1C9-DBC4E9C37D4E}.StaticDebug|Win32.ActiveCfg = Debug|Win32
		{8FF13B22-C5EB-4D44-B1C9-DBC4E9C37D4E}.StaticDebug|Win32.Build.0 = Debug|Win32
		{503B713C-8E2E-4320-9BDE-ED9362325C49}.Client_Debug|Win32.ActiveCfg = Debug|Win32
		{503B713C-8E2E-4320-9BDE-ED9362325C49}.Client_Debug|Win32.Build.0 = Debug|Win32
		{503B713C-8E2E-4320-9BDE-ED9362325C49}.Debug|Win32.ActiveCfg = Debug|Win32
		{503B713C-8E2E-4320-9BDE-ED9362325C49}.Debug|Win32.Build.0 = Debug|Win32
		{503B713C-8E2E-4320-9BDE-ED9362325C49}.Lib_debug|Win32.ActiveCfg = Release|Win32
		{503B713C-8E2E-4320-9BDE-ED9362325C49}.Lib_debug|Win32.Build.0 = Release|Win32
		{503B713C-8E2E-4320-9BDE-ED9362325C49}.Release|Win32.ActiveCfg = Release|Win32
		{503B713C-8E2E-4320-9BDE-ED9362325C49}.StaticDebug|Win32.ActiveCfg = Debug|Win32
		{503B713C-8E2E-4320-9BDE-ED9362325C49}.StaticDebug|Win32.Build.0 = Debug|Win32
		{4D7E7DD6-4B75-4D3B-8575-8D3B1967C099}.Client_Debug|Win32.ActiveCfg = Debug|Win32
		{4D7E7DD6-4B75-4D3B-8575-8D3B1967C099}.Client_Debug|Win32.Build.0 = Debug|Win32
		{4D7E7DD6-4B75-4D3B-8575-8D3B1967C099}.Debug|Win32.ActiveCfg = Debug|Win32
		{4D7E7DD6-4B75-4D3B-8575-8D3B1967C099}.Debug|Win32.Build.0 = Debug|Win32
		{4D7E7DD6-4B75-4D3B-8575-8D3B1967C099}.Lib_debug|Win32.ActiveCfg = Release|Win32
		{4D7E7DD6-4B75-4D3B-8575-8D3B1967C099}.Lib_debug|Win32.Build.0 = Release|Win32
		{4D7E7DD6-4B75-4D3B-8575-8D3B1967C099}.Release|Win32.ActiveCfg = Release|Win32
		{4D7E7DD6-4B75-4D3B-8575-8D3B1967C099}.Release|Win32.Build.0 = Release|Win32
		{4D7E7DD6-4B75-4D3B-8575-8D3B1967C099}.StaticDebug|Win32.ActiveCfg = Debug|Win32
		{4D7E7DD6-4B75-4D3B-8575-8D3B1967C099}.StaticDebug|Win32.Build.0 = Debug|Win32
		{9374114B-8EFA-4E5D-8DE9-CB1ECFF5A7CD}.Client_Debug|Win32.ActiveCfg = Debug|Win32
		{9374114B-8EFA-4E5D-8DE9-CB1ECFF5A7CD}.Client_Debug|Win32.Build.0 = Debug|Win32
		{9374114B-8EFA-4E5D-8DE9-CB1ECFF5A7CD}.Debug|Win32.ActiveCfg = Debug|Win32
		{9374114B-8EFA-4E5D-8DE9-CB1ECFF5A7CD}.Debug|Win32.Build.0 = Debug|Win32
		{9374114B-8EFA-4E5D-8DE9-CB1ECFF5A7CD}.Lib_debug|Win32.ActiveCfg = Release|Win32
		{9374114B-8EFA-4E5D-8DE9-CB1ECFF5A7CD}.Lib_debug|Win32.Build.0 = Release|Win32
		{9374114B-8EFA-4E5D-8DE9-CB1ECFF5A7CD}.Release|Win32.ActiveCfg = Release|Win32
		{9374114B-8EFA-4E5D-8DE9-CB1ECFF5A7CD}.StaticDebug|Win32.ActiveCfg = Debug|Win32
		{9374114B-8EFA-4E5D-8DE9-CB1ECFF5A7CD}.StaticDebug|Win32.Build.0 = Debug|Win32
		{D32AFDD2-C69D-4AD2-8C67-EA97DB6CB26F}.Client_Debug|Win32.ActiveCfg = Debug|Win32
		{D32AFDD2-C69D-4AD2-8C67-EA97DB6CB26F}.Client_Debug|Win32.Build.0 = Debug|Win32
		{D32AFDD2-C69D-4AD2-8C67-EA97DB6CB26F}.Debug|Win32.ActiveCfg = Debug|Win32
		{D32AFDD2-C69D-4AD2-8C67-EA97DB6CB26F}.Debug|Win32.Build.0 = Debug|Win32
		{D32AFDD2-C69D-4AD2-8C67-EA97DB6CB26F}.Lib_debug|Win32.ActiveCfg = Release|Win32
		{D32AFDD2-C69D-4AD2-8C67-EA97DB6CB26F}.Lib_debug|Win32.Build.0 = Release|Win32
		{D32AFDD2-C69D-4AD2-8C67-EA97DB6CB26F}.Release|Win32.ActiveCfg = Release|Win32
		{D32AFDD2-C69D-4AD2-8C67-EA97DB6CB26F}.Release|Win32.Build.0 = Release|Win32
		{D32AFDD2-C69D-4AD2-8C67-EA97DB6CB26F}.StaticDebug|Win32.ActiveCfg = Debug|Win32
		{D32AFDD2-C69D-4AD2-8C67-EA97DB6CB26F}.StaticDebug|Win32.Build.0 = Debug|Win32
		{C717F4F7-F9B2-4410-80B1-17BDF9E2F95B}.Client_Debug|Win32.ActiveCfg = Debug|Win32
		{C717F4F7-F9B2-4410-80B1-17BDF9E2F95B}.Client_Debug|Win32.Build.0 = Debug|Win32
		{C717F4F7-F9B2-4410-80B1-17BDF9E2F95B}.Debug|Win32.ActiveCfg = Debug|Win32
		{C717F4F7-F9B2-4410-80B1-17BDF9E2F95B}.Debug|Win32.Build.0 = Debug|Win32
		{C717F4F7-F9B2-4410-80B1-17BDF9E2F95B}.Lib_debug|Win32.ActiveCfg = Release|Win32
		{C717F4F7-F9B2-4410-80B1-17BDF9E2F95B}.Lib_debug|Win32.Build.0 = Release|Win32
		{C717F4F7-F9B2-4410-80B1-17BDF9E2F95B}.Release|Win32.ActiveCfg = Release|Win32
		{C717F4F7-F9B2-4410-80B1-17BDF9E2F95B}.StaticDebug|Win32.ActiveCfg = Debug|Win32
		{C717F4F7-F9B2-4410-80B1-17BDF9E2F95B}.StaticDebug|Win32.Build.0 = Debug|Win32
		{C40C39F4-5CC2-489F-A392-73CBBBD82254}.Client_Debug|Win32.ActiveCfg = Debug|Win32
		{C40C39F4-5CC2-489F-A392-73CBBBD82254}.Client_Debug|Win32.Build.0 = Debug|Win32
		{C40C39F4-5CC2-489F-A392-73CBBBD82254}.Debug|Win32.ActiveCfg = Debug|Win32
		{C40C39F4-5CC2-489F-A392-73CBBBD82254}.Debug|Win32.Build.0 = Debug|Win32
		{C40C39F4-5CC2-489F-A392-73CBBBD82254}.Lib_debug|Win32.ActiveCfg = Release|Win32
		{C40C39F4-5CC2-489F-A392-73CBBBD82254}.Lib_debug|Win32.Build.0 = Release|Win32
		{C40C39F4-5CC2-489F-A392-73CBBBD82254}.Release|Win32.ActiveCfg = Release|Win32
		{C40C39F4-5CC2-489F-A392-73CBBBD82254}.Release|Win32.Build.0 = Release|Win32
		{C40C39F4-5CC2-489F-A392-73CBBBD82254}.StaticDebug|Win32.ActiveCfg = Debug|Win32
		{C40C39F4-5CC2-489F-A392-73CBBBD82254}.StaticDebug|Win32.Build.0 = Debug|Win32
		{7F602208-FC2E-4468-94CC-EBAFC8B8E736}.Client_Debug|Win32.ActiveCfg = Debug|Win32
		{7F602208-FC2E-4468-94CC-EBAFC8B8E736}.Client_Debug|Win32.Build.0 = Debug|Win32
		{7F602208-FC2E-4468-94CC-EBAFC8B8E736}.Debug|Win32.ActiveCfg = Debug|Win32
		{7F602208-FC2E-4468-94CC-EBAFC8B8E736}.Debug|Win32.Build.0 = Debug|Win32
		{7F602208-FC2E-4468-94CC-EBAFC8B8E736}.Lib_debug|Win32.ActiveCfg = Release|Win32
		{7F602208-FC2E-4468-94CC-EBAFC8B8E736}.Lib_debug|Win32.Build.0 = Release|Win32
		{7F602208-FC2E-4468-94CC-EBAFC8B8E736}.Release|Win32.ActiveCfg = Release|Win32
		{7F602208-FC2E-4468-94CC-EBAFC8B8E736}.StaticDebug|Win32.ActiveCfg = Debug|Win32
		{7F602208-FC2E-4468-94CC-EBAFC8B8E736}.StaticDebug|Win32.Build.0 = Debug|Win32
		{BDD91196-C538-4DC7-A9FE-B3230F3BA53B}.Client_Debug|Win32.ActiveCfg = Debug|Win32
		{BDD91196-C538-4DC7-A9FE-B3230F3BA53B}.Client_Debug|Win32.Build.0 = Debug|Win32
		{BDD91196-C538-4DC7-A9FE-B3230F3BA53B}.Debug|Win32.ActiveCfg = Debug|Win32
		{BDD91196-C538-4DC7-A9FE-B3230F3BA53B}.Debug|Win32.Build.0 = Debug|Win32
		{BDD91196-C538-4DC7-A9FE-B3230F3BA53B}.Lib_debug|Win32.ActiveCfg = Release|Win32
		{BDD91196-C538-4DC7-A9FE-B3230F3BA53B}.Lib_debug|Win32.Build.0 = Release|Win32
		{BDD91196-C538-4DC7-A9FE-B3230F3BA53B}.Release|Win32.ActiveCfg = Release|Win32
		{BDD91196-C538-4DC7-A9FE-B3230F3BA53B}.StaticDebug|Win32.ActiveCfg = Debug|Win32
		{BDD91196-C538-4DC7-A9FE-B3230F3BA53B}.StaticDebug|Win32.Build.0 = Debug|Win32
		{950A5882-B9EE-4B12-A4A8-F59BE569DC13}.Client_Debug|Win32.ActiveCfg = Debug|Win32
		{950A5882-B9EE-4B12-A4A8-F59BE569DC13}.Client_Debug|Win32.Build.0 = Debug|Win32
		{950A5882-B9EE-4B12-A4A8-F59BE569DC13}.Debug|Win32.ActiveCfg = Debug|Win32
		{950A5882-B9EE-4B12-A4A8-F59BE569DC13}.Debug|Win32.Build.0 = Debug|Win32
		{950A5882-B9EE-4B12-A4A8-F59BE569DC13}.Lib_debug|Win32.ActiveCfg = Release|Win32
		{950A5882-B9EE-4B12-A4A8-F59BE569DC13}.Lib_debug|Win32.Build.0 = Release|Win32
		{950A5882-B9EE-4B12-A4A8-F59BE569DC13}.Release|Win32.ActiveCfg = Release|Win32
		{950A5882-B9EE-4B12-A4A8-F59BE569DC13}.Release|Win32.Build.0 = Release|Win32
		{950A5882-B9EE-4B12-A4A8-F59BE569DC13}.StaticDebug|Win32.ActiveCfg = Debug|Win32
		{950A5882-B9EE-4B12-A4A8-F59BE569DC13}.StaticDebug|Win32.Build.0 = Debug|Win32
		{6E6B713D-1F44-4175-B2EA-F50B82680702}.Client_Debug|Win32.ActiveCfg = Debug|Win32
		{6E6B713D-1F44-4175-B2EA-F50B82680702}.Client_Debug|Win32.Build.0 = Debug|Win32
		{6E6B713D-1F44-4175-B2EA-F50B82680702}.Debug|Win32.ActiveCfg = Debug|Win32
		{6E6B713D-1F44-4175-B2EA-F50B82680702}.Debug|Win32.Build.0 = Debug|Win32
		{6E6B713D-1F44-4175-B2EA-F50B82680702}.Lib_debug|Win32.ActiveCfg = Release|Win32
		{6E6B713D-1F44-4175-B2EA-F50B82680702}.Lib_debug|Win32.Build.0 = Release|Win32
		{6E6B713D-1F44-4175-B2EA-F50B82680702}.Release|Win32.ActiveCfg = Release|Win32
		{6E6B713D-1F44-4175-B2EA-F50B82680702}.StaticDebug|Win32.ActiveCfg = Debug|Win32
		{6E6B713D-1F44-4175-B2EA-F50B82680702}.StaticDebug|Win32.Build.0 = Debug|Win32
		{94A33575-B6F2-4CA8-8A2B-C7D6A385734D}.Client_Debug|Win32.ActiveCfg = Debug|Win32
		{94A33575-B6F2-4CA8-8A2B-C7D6A385734D}.Client_Debug|Win32.Build.0 = Debug|Win32
		{94A33575-B6F2-4CA8-8A2B-C7D6A385734D}.Debug|Win32.ActiveCfg = Debug|Win32
		{94A33575-B6F2-4CA8-8A2B-C7D6A385734D}.Debug|Win32.Build.0 = Debug|Win32
		{94A33575-B6F2-4CA8-8A2B-C7D6A385734D}.Lib_debug|Win32.ActiveCfg = Release|Win32
		{94A33575-B6F2-4CA8-8A2B-C7D6A385734D}.Lib_debug|Win32.Build.0 = Release|Win32
		{94A33575-B6F2-4CA8-8A2B-C7D6A385734D}.Release|Win32.ActiveCfg = Release|Win32
		{94A33575-B6F2-4CA8-8A2B-C7D6A385734D}.Release|Win32.Build.0 = Release|Win32
		{94A33575-B6F2-4CA8-8A2B-C7D6A385734D}.StaticDebug|Win32.ActiveCfg = Debug|Win32
		{94A33575-B6F2-4CA8-8A2B-C7D6A385734D}.StaticDebug|Win32.Build.0 = Debug|Win32
		{6E6B713D-1F44-4175-B2EA-F50B82680702}.Client_Debug|Win32.ActiveCfg = Debug|Win32
		{6E6B713D-1F44-4175-B2EA-F50B82680702}.Client_Debug|Win32.Build.0 = Debug|Win32
		{6E6B713D-1F44-4175-B2EA-F50B82680702}.Debug|Win32.ActiveCfg = Debug|Win32
		{6E6B713D-1F44-4175-B2EA-F50B82680702}.Debug|Win32.Build.0 = Debug|Win32
		{6E6B713D-1F44-4175-B2EA-F50B82680702}.Lib_debug|Win32.ActiveCfg = Release|Win32
		{6E6B713D-1F44-4175-B2EA-F50B82680702}.Lib_debug|Win32.Build.0 = Release|Win32
		{6E6B713D-1F44-4175-B2EA-F50B82680702}.Release|Win32.ActiveCfg = Release|Win32
		{6E6B713D-1F44-4175-B2EA-F50B82680702}.StaticDebug|Win32.ActiveCfg = Debug|Win32
		{6E6B713D-1F44-4175-B2EA-F50B82680702}.StaticDebug|Win32.Build.0 = Debug|Win32
	EndGlobalSection
	GlobalSection(SolutionProperties) = preSolution
		HideSolutionNode = FALSE
	EndGlobalSection
EndGlobal
