
Microsoft Visual Studio Solution File, Format Version 9.00
# Visual Studio 2005
Project("{FAE04EC0-301F-11D3-BF4B-00C04F79EFBC}") = "faceBookBridge", "faceBookBridge.csproj", "{AB74920D-0822-46B6-A39B-BFE7B8ABCD63}"
EndProject
Global
	GlobalSection(SolutionConfigurationPlatforms) = preSolution
		Debug|Any CPU = Debug|Any CPU
		Release|Any CPU = Release|Any CPU
	EndGlobalSection
	GlobalSection(ProjectConfigurationPlatforms) = postSolution
		{AB74920D-0822-46B6-A39B-BFE7B8ABCD63}.Debug|Any CPU.ActiveCfg = Debug|Any CPU
		{AB74920D-0822-46B6-A39B-BFE7B8ABCD63}.Debug|Any CPU.Build.0 = Debug|Any CPU
		{AB74920D-0822-46B6-A39B-BFE7B8ABCD63}.Release|Any CPU.ActiveCfg = Release|Any CPU
		{AB74920D-0822-46B6-A39B-BFE7B8ABCD63}.Release|Any CPU.Build.0 = Release|Any CPU
	EndGlobalSection
	GlobalSection(SolutionProperties) = preSolution
		HideSolutionNode = FALSE
	EndGlobalSection
EndGlobal
