
Microsoft Visual Studio Solution File, Format Version 9.00
# Visual Studio 2005
Project("{8BC9CEB8-8B4A-11D0-8D11-00A0C91BC942}") = "RTClient", "RTClient.vcproj", "{7AFE0F67-1DD0-4C88-BEEB-164D61BB2575}"
	ProjectSection(ProjectDependencies) = postProject
		{BD9531B8-6CAB-45EE-B087-CE3EDCD39A36} = {BD9531B8-6CAB-45EE-B087-CE3EDCD39A36}
		{00C176DA-FE8F-442B-BBAC-084D8E69E439} = {00C176DA-FE8F-442B-BBAC-084D8E69E439}
	EndProjectSection
EndProject
Project("{8BC9CEB8-8B4A-11D0-8D11-00A0C91BC942}") = "ServerDefine", "..\ServerDefine\ServerDefine.vcproj", "{BD9531B8-6CAB-45EE-B087-CE3EDCD39A36}"
EndProject
Project("{2150E333-8FDC-42A3-9474-1A3956D46DE8}") = "Solution Items", "Solution Items", "{A051FD8B-4BD9-4680-9248-7C32F3305C49}"
EndProject
Project("{8BC9CEB8-8B4A-11D0-8D11-00A0C91BC942}") = "WorldDefine", "..\WorldDefine\WorldDefine.vcproj", "{00C176DA-FE8F-442B-BBAC-084D8E69E439}"
EndProject
Global
	GlobalSection(SolutionConfigurationPlatforms) = preSolution
		Debug_Unicode|Win32 = Debug_Unicode|Win32
		Debug|Win32 = Debug|Win32
		Release_Unicode|Win32 = Release_Unicode|Win32
		Release|Win32 = Release|Win32
	EndGlobalSection
	GlobalSection(ProjectConfigurationPlatforms) = postSolution
		{7AFE0F67-1DD0-4C88-BEEB-164D61BB2575}.Debug_Unicode|Win32.ActiveCfg = Debug|Win32
		{7AFE0F67-1DD0-4C88-BEEB-164D61BB2575}.Debug_Unicode|Win32.Build.0 = Debug|Win32
		{7AFE0F67-1DD0-4C88-BEEB-164D61BB2575}.Debug|Win32.ActiveCfg = Debug|Win32
		{7AFE0F67-1DD0-4C88-BEEB-164D61BB2575}.Debug|Win32.Build.0 = Debug|Win32
		{7AFE0F67-1DD0-4C88-BEEB-164D61BB2575}.Release_Unicode|Win32.ActiveCfg = Release|Win32
		{7AFE0F67-1DD0-4C88-BEEB-164D61BB2575}.Release_Unicode|Win32.Build.0 = Release|Win32
		{7AFE0F67-1DD0-4C88-BEEB-164D61BB2575}.Release|Win32.ActiveCfg = Release|Win32
		{7AFE0F67-1DD0-4C88-BEEB-164D61BB2575}.Release|Win32.Build.0 = Release|Win32
		{BD9531B8-6CAB-45EE-B087-CE3EDCD39A36}.Debug_Unicode|Win32.ActiveCfg = Debug|Win32
		{BD9531B8-6CAB-45EE-B087-CE3EDCD39A36}.Debug_Unicode|Win32.Build.0 = Debug|Win32
		{BD9531B8-6CAB-45EE-B087-CE3EDCD39A36}.Debug|Win32.ActiveCfg = Debug|Win32
		{BD9531B8-6CAB-45EE-B087-CE3EDCD39A36}.Debug|Win32.Build.0 = Debug|Win32
		{BD9531B8-6CAB-45EE-B087-CE3EDCD39A36}.Release_Unicode|Win32.ActiveCfg = Release|Win32
		{BD9531B8-6CAB-45EE-B087-CE3EDCD39A36}.Release_Unicode|Win32.Build.0 = Release|Win32
		{BD9531B8-6CAB-45EE-B087-CE3EDCD39A36}.Release|Win32.ActiveCfg = Release|Win32
		{BD9531B8-6CAB-45EE-B087-CE3EDCD39A36}.Release|Win32.Build.0 = Release|Win32
		{00C176DA-FE8F-442B-BBAC-084D8E69E439}.Debug_Unicode|Win32.ActiveCfg = Debug|Win32
		{00C176DA-FE8F-442B-BBAC-084D8E69E439}.Debug_Unicode|Win32.Build.0 = Debug|Win32
		{00C176DA-FE8F-442B-BBAC-084D8E69E439}.Debug|Win32.ActiveCfg = Debug|Win32
		{00C176DA-FE8F-442B-BBAC-084D8E69E439}.Debug|Win32.Build.0 = Debug|Win32
		{00C176DA-FE8F-442B-BBAC-084D8E69E439}.Release_Unicode|Win32.ActiveCfg = Release|Win32
		{00C176DA-FE8F-442B-BBAC-084D8E69E439}.Release_Unicode|Win32.Build.0 = Release|Win32
		{00C176DA-FE8F-442B-BBAC-084D8E69E439}.Release|Win32.ActiveCfg = Release|Win32
		{00C176DA-FE8F-442B-BBAC-084D8E69E439}.Release|Win32.Build.0 = Release|Win32
	EndGlobalSection
	GlobalSection(SolutionProperties) = preSolution
		HideSolutionNode = FALSE
	EndGlobalSection
EndGlobal
