
Microsoft Visual Studio Solution File, Format Version 9.00
# Visual Studio 2005
Project("{8BC9CEB8-8B4A-11D0-8D11-00A0C91BC942}") = "Virtual_Client", "Virtual_Client.vcproj", "{503B713C-8E2E-4320-9BDE-ED9362325C49}"
	ProjectSection(ProjectDependencies) = postProject
		{B976C603-FAD7-416E-9E47-B74FD5AA2EAA} = {B976C603-FAD7-416E-9E47-B74FD5AA2EAA}
		{354CC39D-7E52-4F76-8F48-F7C7B46B4BCB} = {354CC39D-7E52-4F76-8F48-F7C7B46B4BCB}
		{00C176DA-FE8F-442B-BBAC-084D8E69E439} = {00C176DA-FE8F-442B-BBAC-084D8E69E439}
	EndProjectSection
EndProject
Project("{8BC9CEB8-8B4A-11D0-8D11-00A0C91BC942}") = "Lua", "..\Lua\Lua.vcproj", "{354CC39D-7E52-4F76-8F48-F7C7B46B4BCB}"
EndProject
Project("{8BC9CEB8-8B4A-11D0-8D11-00A0C91BC942}") = "vEngine", "..\vEngine\vEngine.vcproj", "{B976C603-FAD7-416E-9E47-B74FD5AA2EAA}"
	ProjectSection(ProjectDependencies) = postProject
		{354CC39D-7E52-4F76-8F48-F7C7B46B4BCB} = {354CC39D-7E52-4F76-8F48-F7C7B46B4BCB}
	EndProjectSection
EndProject
Project("{8BC9CEB8-8B4A-11D0-8D11-00A0C91BC942}") = "WorldDefine", "..\WorldDefine\WorldDefine.vcproj", "{00C176DA-FE8F-442B-BBAC-084D8E69E439}"
EndProject
Global
	GlobalSection(SolutionConfigurationPlatforms) = preSolution
		Debug|Win32 = Debug|Win32
		Lib_debug|Win32 = Lib_debug|Win32
		Release|Win32 = Release|Win32
		StaticDebug|Win32 = StaticDebug|Win32
	EndGlobalSection
	GlobalSection(ProjectConfigurationPlatforms) = postSolution
		{503B713C-8E2E-4320-9BDE-ED9362325C49}.Debug|Win32.ActiveCfg = Debug|Win32
		{503B713C-8E2E-4320-9BDE-ED9362325C49}.Debug|Win32.Build.0 = Debug|Win32
		{503B713C-8E2E-4320-9BDE-ED9362325C49}.Lib_debug|Win32.ActiveCfg = Release|Win32
		{503B713C-8E2E-4320-9BDE-ED9362325C49}.Lib_debug|Win32.Build.0 = Release|Win32
		{503B713C-8E2E-4320-9BDE-ED9362325C49}.Release|Win32.ActiveCfg = Release|Win32
		{503B713C-8E2E-4320-9BDE-ED9362325C49}.Release|Win32.Build.0 = Release|Win32
		{503B713C-8E2E-4320-9BDE-ED9362325C49}.StaticDebug|Win32.ActiveCfg = Debug|Win32
		{503B713C-8E2E-4320-9BDE-ED9362325C49}.StaticDebug|Win32.Build.0 = Debug|Win32
		{354CC39D-7E52-4F76-8F48-F7C7B46B4BCB}.Debug|Win32.ActiveCfg = Debug|Win32
		{354CC39D-7E52-4F76-8F48-F7C7B46B4BCB}.Debug|Win32.Build.0 = Debug|Win32
		{354CC39D-7E52-4F76-8F48-F7C7B46B4BCB}.Lib_debug|Win32.ActiveCfg = Lib_debug|Win32
		{354CC39D-7E52-4F76-8F48-F7C7B46B4BCB}.Lib_debug|Win32.Build.0 = Lib_debug|Win32
		{354CC39D-7E52-4F76-8F48-F7C7B46B4BCB}.Release|Win32.ActiveCfg = Release|Win32
		{354CC39D-7E52-4F76-8F48-F7C7B46B4BCB}.Release|Win32.Build.0 = Release|Win32
		{354CC39D-7E52-4F76-8F48-F7C7B46B4BCB}.StaticDebug|Win32.ActiveCfg = StaticDebug|Win32
		{354CC39D-7E52-4F76-8F48-F7C7B46B4BCB}.StaticDebug|Win32.Build.0 = StaticDebug|Win32
		{B976C603-FAD7-416E-9E47-B74FD5AA2EAA}.Debug|Win32.ActiveCfg = Debug|Win32
		{B976C603-FAD7-416E-9E47-B74FD5AA2EAA}.Debug|Win32.Build.0 = Debug|Win32
		{B976C603-FAD7-416E-9E47-B74FD5AA2EAA}.Lib_debug|Win32.ActiveCfg = Lib_debug|Win32
		{B976C603-FAD7-416E-9E47-B74FD5AA2EAA}.Lib_debug|Win32.Build.0 = Lib_debug|Win32
		{B976C603-FAD7-416E-9E47-B74FD5AA2EAA}.Release|Win32.ActiveCfg = Release|Win32
		{B976C603-FAD7-416E-9E47-B74FD5AA2EAA}.Release|Win32.Build.0 = Release|Win32
		{B976C603-FAD7-416E-9E47-B74FD5AA2EAA}.StaticDebug|Win32.ActiveCfg = StaticDebug|Win32
		{B976C603-FAD7-416E-9E47-B74FD5AA2EAA}.StaticDebug|Win32.Build.0 = StaticDebug|Win32
		{00C176DA-FE8F-442B-BBAC-084D8E69E439}.Debug|Win32.ActiveCfg = Debug|Win32
		{00C176DA-FE8F-442B-BBAC-084D8E69E439}.Debug|Win32.Build.0 = Debug|Win32
		{00C176DA-FE8F-442B-BBAC-084D8E69E439}.Lib_debug|Win32.ActiveCfg = Release|Win32
		{00C176DA-FE8F-442B-BBAC-084D8E69E439}.Lib_debug|Win32.Build.0 = Release|Win32
		{00C176DA-FE8F-442B-BBAC-084D8E69E439}.Release|Win32.ActiveCfg = Release|Win32
		{00C176DA-FE8F-442B-BBAC-084D8E69E439}.Release|Win32.Build.0 = Release|Win32
		{00C176DA-FE8F-442B-BBAC-084D8E69E439}.StaticDebug|Win32.ActiveCfg = Debug|Win32
		{00C176DA-FE8F-442B-BBAC-084D8E69E439}.StaticDebug|Win32.Build.0 = Debug|Win32
	EndGlobalSection
	GlobalSection(SolutionProperties) = preSolution
		HideSolutionNode = FALSE
	EndGlobalSection
EndGlobal
