
Microsoft Visual Studio Solution File, Format Version 9.00
# Visual Studio 2005
Project("{8BC9CEB8-8B4A-11D0-8D11-00A0C91BC942}") = "vEngine", "..\vEngine\vEngine.vcproj", "{B976C603-FAD7-416E-9E47-B74FD5AA2EAA}"
	ProjectSection(ProjectDependencies) = postProject
		{354CC39D-7E52-4F76-8F48-F7C7B46B4BCB} = {354CC39D-7E52-4F76-8F48-F7C7B46B4BCB}
	EndProjectSection
EndProject
Project("{8BC9CEB8-8B4A-11D0-8D11-00A0C91BC942}") = "Beton", "..\Beton\Beton.vcproj", "{6C6BDA44-0D75-4D12-B05E-74E387188B84}"
	ProjectSection(ProjectDependencies) = postProject
		{B976C603-FAD7-416E-9E47-B74FD5AA2EAA} = {B976C603-FAD7-416E-9E47-B74FD5AA2EAA}
	EndProjectSection
EndProject
Project("{8BC9CEB8-8B4A-11D0-8D11-00A0C91BC942}") = "WorldDefine", "..\WorldDefine\WorldDefine.vcproj", "{00C176DA-FE8F-442B-BBAC-084D8E69E439}"
EndProject
Project("{8BC9CEB8-8B4A-11D0-8D11-00A0C91BC942}") = "ServerDefine", "..\ServerDefine\ServerDefine.vcproj", "{BD9531B8-6CAB-45EE-B087-CE3EDCD39A36}"
EndProject
Project("{8BC9CEB8-8B4A-11D0-8D11-00A0C91BC942}") = "Lua", "..\Lua\Lua.vcproj", "{354CC39D-7E52-4F76-8F48-F7C7B46B4BCB}"
EndProject
Project("{8BC9CEB8-8B4A-11D0-8D11-00A0C91BC942}") = "DBServer", "DBServer.vcproj", "{C40C39F4-5CC2-489F-A392-73CBBBD82254}"
	ProjectSection(ProjectDependencies) = postProject
		{B976C603-FAD7-416E-9E47-B74FD5AA2EAA} = {B976C603-FAD7-416E-9E47-B74FD5AA2EAA}
		{B3CB1323-2921-47CF-ABAF-BA0253C839B5} = {B3CB1323-2921-47CF-ABAF-BA0253C839B5}
		{00C176DA-FE8F-442B-BBAC-084D8E69E439} = {00C176DA-FE8F-442B-BBAC-084D8E69E439}
		{BD9531B8-6CAB-45EE-B087-CE3EDCD39A36} = {BD9531B8-6CAB-45EE-B087-CE3EDCD39A36}
		{354CC39D-7E52-4F76-8F48-F7C7B46B4BCB} = {354CC39D-7E52-4F76-8F48-F7C7B46B4BCB}
		{6C6BDA44-0D75-4D12-B05E-74E387188B84} = {6C6BDA44-0D75-4D12-B05E-74E387188B84}
	EndProjectSection
EndProject
Project("{8BC9CEB8-8B4A-11D0-8D11-00A0C91BC942}") = "Cool3D", "..\Cool3D\Cool3D.vcproj", "{B3CB1323-2921-47CF-ABAF-BA0253C839B5}"
EndProject
Global
	GlobalSection(SubversionScc) = preSolution
		Svn-Managed = True
		Manager = AnkhSVN - Subversion Support for Visual Studio
	EndGlobalSection
	GlobalSection(SolutionConfigurationPlatforms) = preSolution
		Debug|Win32 = Debug|Win32
		Lib_debug|Win32 = Lib_debug|Win32
		Release|Win32 = Release|Win32
		StaticDebug|Win32 = StaticDebug|Win32
	EndGlobalSection
	GlobalSection(ProjectConfigurationPlatforms) = postSolution
		{B976C603-FAD7-416E-9E47-B74FD5AA2EAA}.Debug|Win32.ActiveCfg = Debug|Win32
		{B976C603-FAD7-416E-9E47-B74FD5AA2EAA}.Debug|Win32.Build.0 = Debug|Win32
		{B976C603-FAD7-416E-9E47-B74FD5AA2EAA}.Lib_debug|Win32.ActiveCfg = Lib_debug|Win32
		{B976C603-FAD7-416E-9E47-B74FD5AA2EAA}.Lib_debug|Win32.Build.0 = Lib_debug|Win32
		{B976C603-FAD7-416E-9E47-B74FD5AA2EAA}.Release|Win32.ActiveCfg = Release|Win32
		{B976C603-FAD7-416E-9E47-B74FD5AA2EAA}.Release|Win32.Build.0 = Release|Win32
		{B976C603-FAD7-416E-9E47-B74FD5AA2EAA}.StaticDebug|Win32.ActiveCfg = StaticDebug|Win32
		{B976C603-FAD7-416E-9E47-B74FD5AA2EAA}.StaticDebug|Win32.Build.0 = StaticDebug|Win32
		{6C6BDA44-0D75-4D12-B05E-74E387188B84}.Debug|Win32.ActiveCfg = Debug|Win32
		{6C6BDA44-0D75-4D12-B05E-74E387188B84}.Debug|Win32.Build.0 = Debug|Win32
		{6C6BDA44-0D75-4D12-B05E-74E387188B84}.Lib_debug|Win32.ActiveCfg = Release|Win32
		{6C6BDA44-0D75-4D12-B05E-74E387188B84}.Lib_debug|Win32.Build.0 = Release|Win32
		{6C6BDA44-0D75-4D12-B05E-74E387188B84}.Release|Win32.ActiveCfg = Release|Win32
		{6C6BDA44-0D75-4D12-B05E-74E387188B84}.Release|Win32.Build.0 = Release|Win32
		{6C6BDA44-0D75-4D12-B05E-74E387188B84}.StaticDebug|Win32.ActiveCfg = Debug|Win32
		{6C6BDA44-0D75-4D12-B05E-74E387188B84}.StaticDebug|Win32.Build.0 = Debug|Win32
		{00C176DA-FE8F-442B-BBAC-084D8E69E439}.Debug|Win32.ActiveCfg = Debug|Win32
		{00C176DA-FE8F-442B-BBAC-084D8E69E439}.Debug|Win32.Build.0 = Debug|Win32
		{00C176DA-FE8F-442B-BBAC-084D8E69E439}.Lib_debug|Win32.ActiveCfg = Release|Win32
		{00C176DA-FE8F-442B-BBAC-084D8E69E439}.Lib_debug|Win32.Build.0 = Release|Win32
		{00C176DA-FE8F-442B-BBAC-084D8E69E439}.Release|Win32.ActiveCfg = Release|Win32
		{00C176DA-FE8F-442B-BBAC-084D8E69E439}.Release|Win32.Build.0 = Release|Win32
		{00C176DA-FE8F-442B-BBAC-084D8E69E439}.StaticDebug|Win32.ActiveCfg = Debug|Win32
		{00C176DA-FE8F-442B-BBAC-084D8E69E439}.StaticDebug|Win32.Build.0 = Debug|Win32
		{BD9531B8-6CAB-45EE-B087-CE3EDCD39A36}.Debug|Win32.ActiveCfg = Debug|Win32
		{BD9531B8-6CAB-45EE-B087-CE3EDCD39A36}.Debug|Win32.Build.0 = Debug|Win32
		{BD9531B8-6CAB-45EE-B087-CE3EDCD39A36}.Lib_debug|Win32.ActiveCfg = Release|Win32
		{BD9531B8-6CAB-45EE-B087-CE3EDCD39A36}.Lib_debug|Win32.Build.0 = Release|Win32
		{BD9531B8-6CAB-45EE-B087-CE3EDCD39A36}.Release|Win32.ActiveCfg = Release|Win32
		{BD9531B8-6CAB-45EE-B087-CE3EDCD39A36}.Release|Win32.Build.0 = Release|Win32
		{BD9531B8-6CAB-45EE-B087-CE3EDCD39A36}.StaticDebug|Win32.ActiveCfg = Debug|Win32
		{BD9531B8-6CAB-45EE-B087-CE3EDCD39A36}.StaticDebug|Win32.Build.0 = Debug|Win32
		{354CC39D-7E52-4F76-8F48-F7C7B46B4BCB}.Debug|Win32.ActiveCfg = Debug|Win32
		{354CC39D-7E52-4F76-8F48-F7C7B46B4BCB}.Debug|Win32.Build.0 = Debug|Win32
		{354CC39D-7E52-4F76-8F48-F7C7B46B4BCB}.Lib_debug|Win32.ActiveCfg = Lib_debug|Win32
		{354CC39D-7E52-4F76-8F48-F7C7B46B4BCB}.Lib_debug|Win32.Build.0 = Lib_debug|Win32
		{354CC39D-7E52-4F76-8F48-F7C7B46B4BCB}.Release|Win32.ActiveCfg = Release|Win32
		{354CC39D-7E52-4F76-8F48-F7C7B46B4BCB}.Release|Win32.Build.0 = Release|Win32
		{354CC39D-7E52-4F76-8F48-F7C7B46B4BCB}.StaticDebug|Win32.ActiveCfg = StaticDebug|Win32
		{354CC39D-7E52-4F76-8F48-F7C7B46B4BCB}.StaticDebug|Win32.Build.0 = StaticDebug|Win32
		{C40C39F4-5CC2-489F-A392-73CBBBD82254}.Debug|Win32.ActiveCfg = Debug|Win32
		{C40C39F4-5CC2-489F-A392-73CBBBD82254}.Debug|Win32.Build.0 = Debug|Win32
		{C40C39F4-5CC2-489F-A392-73CBBBD82254}.Lib_debug|Win32.ActiveCfg = Release|Win32
		{C40C39F4-5CC2-489F-A392-73CBBBD82254}.Lib_debug|Win32.Build.0 = Release|Win32
		{C40C39F4-5CC2-489F-A392-73CBBBD82254}.Release|Win32.ActiveCfg = Release|Win32
		{C40C39F4-5CC2-489F-A392-73CBBBD82254}.Release|Win32.Build.0 = Release|Win32
		{C40C39F4-5CC2-489F-A392-73CBBBD82254}.StaticDebug|Win32.ActiveCfg = Debug|Win32
		{C40C39F4-5CC2-489F-A392-73CBBBD82254}.StaticDebug|Win32.Build.0 = Debug|Win32
		{B3CB1323-2921-47CF-ABAF-BA0253C839B5}.Debug|Win32.ActiveCfg = Debug|Win32
		{B3CB1323-2921-47CF-ABAF-BA0253C839B5}.Debug|Win32.Build.0 = Debug|Win32
		{B3CB1323-2921-47CF-ABAF-BA0253C839B5}.Lib_debug|Win32.ActiveCfg = Release|Win32
		{B3CB1323-2921-47CF-ABAF-BA0253C839B5}.Lib_debug|Win32.Build.0 = Release|Win32
		{B3CB1323-2921-47CF-ABAF-BA0253C839B5}.Release|Win32.ActiveCfg = Release|Win32
		{B3CB1323-2921-47CF-ABAF-BA0253C839B5}.Release|Win32.Build.0 = Release|Win32
		{B3CB1323-2921-47CF-ABAF-BA0253C839B5}.StaticDebug|Win32.ActiveCfg = Debug|Win32
		{B3CB1323-2921-47CF-ABAF-BA0253C839B5}.StaticDebug|Win32.Build.0 = Debug|Win32
	EndGlobalSection
	GlobalSection(SolutionProperties) = preSolution
		HideSolutionNode = FALSE
	EndGlobalSection
EndGlobal
