
Microsoft Visual Studio Solution File, Format Version 9.00
# Visual Studio 2005
Project("{8BC9CEB8-8B4A-11D0-8D11-00A0C91BC942}") = "LoongQuestEditor-wx", "LoongQuestEditor-wx.vcproj", "{40C63CFE-80DE-40FF-8646-AB9C9BE476A8}"
	ProjectSection(ProjectDependencies) = postProject
		{00C176DA-FE8F-442B-BBAC-084D8E69E439} = {00C176DA-FE8F-442B-BBAC-084D8E69E439}
	EndProjectSection
EndProject
Project("{8BC9CEB8-8B4A-11D0-8D11-00A0C91BC942}") = "WorldDefine", "..\WorldDefine\WorldDefine.vcproj", "{00C176DA-FE8F-442B-BBAC-084D8E69E439}"
EndProject
Global
	GlobalSection(SolutionConfigurationPlatforms) = preSolution
		Debug|Win32 = Debug|Win32
		Lib_debug|Win32 = Lib_debug|Win32
		Release|Win32 = Release|Win32
		StaticDebug|Win32 = StaticDebug|Win32
	EndGlobalSection
	GlobalSection(ProjectConfigurationPlatforms) = postSolution
		{40C63CFE-80DE-40FF-8646-AB9C9BE476A8}.Debug|Win32.ActiveCfg = Debug|Win32
		{40C63CFE-80DE-40FF-8646-AB9C9BE476A8}.Debug|Win32.Build.0 = Debug|Win32
		{40C63CFE-80DE-40FF-8646-AB9C9BE476A8}.Lib_debug|Win32.ActiveCfg = Release|Win32
		{40C63CFE-80DE-40FF-8646-AB9C9BE476A8}.Lib_debug|Win32.Build.0 = Release|Win32
		{40C63CFE-80DE-40FF-8646-AB9C9BE476A8}.Release|Win32.ActiveCfg = Release|Win32
		{40C63CFE-80DE-40FF-8646-AB9C9BE476A8}.Release|Win32.Build.0 = Release|Win32
		{40C63CFE-80DE-40FF-8646-AB9C9BE476A8}.StaticDebug|Win32.ActiveCfg = Debug|Win32
		{40C63CFE-80DE-40FF-8646-AB9C9BE476A8}.StaticDebug|Win32.Build.0 = Debug|Win32
		{00C176DA-FE8F-442B-BBAC-084D8E69E439}.Debug|Win32.ActiveCfg = Debug|Win32
		{00C176DA-FE8F-442B-BBAC-084D8E69E439}.Debug|Win32.Build.0 = Debug|Win32
		{00C176DA-FE8F-442B-BBAC-084D8E69E439}.Lib_debug|Win32.ActiveCfg = Release|Win32
		{00C176DA-FE8F-442B-BBAC-084D8E69E439}.Lib_debug|Win32.Build.0 = Release|Win32
		{00C176DA-FE8F-442B-BBAC-084D8E69E439}.Release|Win32.ActiveCfg = Release|Win32
		{00C176DA-FE8F-442B-BBAC-084D8E69E439}.Release|Win32.Build.0 = Release|Win32
		{00C176DA-FE8F-442B-BBAC-084D8E69E439}.StaticDebug|Win32.ActiveCfg = Debug|Win32
		{00C176DA-FE8F-442B-BBAC-084D8E69E439}.StaticDebug|Win32.Build.0 = Debug|Win32
	EndGlobalSection
	GlobalSection(SolutionProperties) = preSolution
		HideSolutionNode = FALSE
	EndGlobalSection
EndGlobal
